// !$*UTF8*$!
{
	archiveVersion = 1;
	classes = {
	};
	objectVersion = 71;
	objects = {

/* Begin PBXBuildFile section */
		EF86400054C8425BB19175A9 /* YangqiGongkeWidget.appex in Embed Foundation Extensions */ = {isa = PBXBuildFile; fileRef = 6699E9DDDBBB4227A00A659B /* YangqiGongkeWidget.appex */; settings = {ATTRIBUTES = (RemoveHeadersOnCopy, ); }; };
/* End PBXBuildFile section */

/* Begin PBXContainerItemProxy section */
		169948C0F22D49418DC8ED47 /* PBXContainerItemProxy */ = {
			isa = PBXContainerItemProxy;
			containerPortal = 94E42916D0F64B55977B98C7 /* Project object */;
			proxyType = 1;
			remoteGlobalIDString = 1677D211BE914D44A7EF17BD;
			remoteInfo = YangqiGongkeWidget;
		};
/* End PBXContainerItemProxy section */

/* Begin PBXCopyFilesBuildPhase section */
		267FD594BA094DA597D3EE7F /* Embed Foundation Extensions */ = {
			isa = PBXCopyFilesBuildPhase;
			buildActionMask = 2147483647;
			dstPath = "";
			dstSubfolderSpec = 13;
			files = (
				EF86400054C8425BB19175A9 /* YangqiGongkeWidget.appex in Embed Foundation Extensions */,
			);
			name = "Embed Foundation Extensions";
			runOnlyForDeploymentPostprocessing = 0;
		};
/* End PBXCopyFilesBuildPhase section */

/* Begin PBXFileReference section */
		6699E9DDDBBB4227A00A659B /* YangqiGongkeWidget.appex */ = {isa = PBXFileReference; explicitFileType = "wrapper.app-extension"; includeInIndex = 0; path = YangqiGongkeWidget.appex; sourceTree = BUILT_PRODUCTS_DIR; };
		AB64662F73A74A85A9682B7D /* YangqiGongke.app */ = {isa = PBXFileReference; explicitFileType = wrapper.application; includeInIndex = 0; path = YangqiGongke.app; sourceTree = BUILT_PRODUCTS_DIR; };
/* End PBXFileReference section */

/* Begin PBXFileSystemSynchronizedBuildFileExceptionSet section */
		4515176C13DA4F01A0CB81F7 /* PBXFileSystemSynchronizedBuildFileExceptionSet */ = {
			isa = PBXFileSystemSynchronizedBuildFileExceptionSet;
			membershipExceptions = (
				Info.plist,
			);
			target = 1677D211BE914D44A7EF17BD /* YangqiGongkeWidget */;
		};
/* End PBXFileSystemSynchronizedBuildFileExceptionSet section */

/* Begin PBXFileSystemSynchronizedRootGroup section */
		628671509A344637B197F2E3 /* YangqiGongkeWidget */ = {isa = PBXFileSystemSynchronizedRootGroup; exceptions = (4515176C13DA4F01A0CB81F7 /* PBXFileSystemSynchronizedBuildFileExceptionSet */, ); explicitFileTypes = {}; explicitFolders = (); path = YangqiGongkeWidget; sourceTree = "<group>"; };
		9314B754ABE449D7BFE68F50 /* Shared */ = {isa = PBXFileSystemSynchronizedRootGroup; explicitFileTypes = {}; explicitFolders = (); path = Shared; sourceTree = "<group>"; };
		CA6A06E7AEF64A82AFEEDCD7 /* YangqiGongke */ = {isa = PBXFileSystemSynchronizedRootGroup; explicitFileTypes = {}; explicitFolders = (); path = YangqiGongke; sourceTree = "<group>"; };
/* End PBXFileSystemSynchronizedRootGroup section */

/* Begin PBXFrameworksBuildPhase section */
		1CF9FE73E7FA493A9A6D1C63 /* Frameworks */ = {
			isa = PBXFrameworksBuildPhase;
			buildActionMask = 2147483647;
			files = (
			);
			runOnlyForDeploymentPostprocessing = 0;
		};
		9FAB5A878FB743118C2EBE0B /* Frameworks */ = {
			isa = PBXFrameworksBuildPhase;
			buildActionMask = 2147483647;
			files = (
			);
			runOnlyForDeploymentPostprocessing = 0;
		};
/* End PBXFrameworksBuildPhase section */

/* Begin PBXGroup section */
		BCB5CCB5BE2942C485C4852C /* Products */ = {
			isa = PBXGroup;
			children = (
				AB64662F73A74A85A9682B7D /* YangqiGongke.app */,
				6699E9DDDBBB4227A00A659B /* YangqiGongkeWidget.appex */,
			);
			name = Products;
			sourceTree = "<group>";
		};
		CD078D27DAAB4357A4C5C008 = {
			isa = PBXGroup;
			children = (
				CA6A06E7AEF64A82AFEEDCD7 /* YangqiGongke */,
				628671509A344637B197F2E3 /* YangqiGongkeWidget */,
				9314B754ABE449D7BFE68F50 /* Shared */,
				BCB5CCB5BE2942C485C4852C /* Products */,
			);
			sourceTree = "<group>";
		};
/* End PBXGroup section */

/* Begin PBXNativeTarget section */
		1677D211BE914D44A7EF17BD /* YangqiGongkeWidget */ = {
			isa = PBXNativeTarget;
			buildConfigurationList = 90BDCE74872E4A1392E50C53 /* Build configuration list for PBXNativeTarget "YangqiGongkeWidget" */;
			buildPhases = (
				6759C65AC2FD46B78B0D1DC1 /* Sources */,
				1CF9FE73E7FA493A9A6D1C63 /* Frameworks */,
				9B88834751B64578A76A62F9 /* Resources */,
			);
			buildRules = (
			);
			dependencies = (
			);
			fileSystemSynchronizedGroups = (
				628671509A344637B197F2E3 /* YangqiGongkeWidget */,
				9314B754ABE449D7BFE68F50 /* Shared */,
			);
			name = YangqiGongkeWidget;
			productName = YangqiGongkeWidget;
			productReference = 6699E9DDDBBB4227A00A659B /* YangqiGongkeWidget.appex */;
			productType = "com.apple.product-type.app-extension";
		};
		F6D156824DAF410690059EFD /* YangqiGongke */ = {
			isa = PBXNativeTarget;
			buildConfigurationList = B0122866C6D348D0B8722822 /* Build configuration list for PBXNativeTarget "YangqiGongke" */;
			buildPhases = (
				DDA5DB697AA24062AD1AFD79 /* Sources */,
				9FAB5A878FB743118C2EBE0B /* Frameworks */,
				138CFC1468B044D6834ADC49 /* Resources */,
				267FD594BA094DA597D3EE7F /* Embed Foundation Extensions */,
			);
			buildRules = (
			);
			dependencies = (
				E2876EA9A642435F83247F3B /* PBXTargetDependency */,
			);
			fileSystemSynchronizedGroups = (
				9314B754ABE449D7BFE68F50 /* Shared */,
				CA6A06E7AEF64A82AFEEDCD7 /* YangqiGongke */,
			);
			name = YangqiGongke;
			productName = YangqiGongke;
			productReference = AB64662F73A74A85A9682B7D /* YangqiGongke.app */;
			productType = "com.apple.product-type.application";
		};
/* End PBXNativeTarget section */

/* Begin PBXProject section */
		94E42916D0F64B55977B98C7 /* Project object */ = {
			isa = PBXProject;
			attributes = {
				BuildIndependentTargetsInParallel = 1;
				LastSwiftUpdateCheck = 2600;
				LastUpgradeCheck = 2600;
				TargetAttributes = {
					1677D211BE914D44A7EF17BD = {
						CreatedOnToolsVersion = 26.0;
					};
					F6D156824DAF410690059EFD = {
						CreatedOnToolsVersion = 26.0;
					};
				};
			};
			buildConfigurationList = C48B064314724991A94FD2B6 /* Build configuration list for PBXProject "YangqiGongke" */;
			compatibilityVersion = "Xcode 16.0";
			developmentRegion = "zh-Hans";
			hasScannedForEncodings = 0;
			knownRegions = (
				en,
				Base,
				"zh-Hans",
			);
			mainGroup = CD078D27DAAB4357A4C5C008;
			minimizedProjectReferenceProxies = 1;
			productRefGroup = BCB5CCB5BE2942C485C4852C /* Products */;
			projectDirPath = "";
			projectRoot = "";
			targets = (
				F6D156824DAF410690059EFD /* YangqiGongke */,
				1677D211BE914D44A7EF17BD /* YangqiGongkeWidget */,
			);
		};
/* End PBXProject section */

/* Begin PBXResourcesBuildPhase section */
		138CFC1468B044D6834ADC49 /* Resources */ = {
			isa = PBXResourcesBuildPhase;
			buildActionMask = 2147483647;
			files = (
			);
			runOnlyForDeploymentPostprocessing = 0;
		};
		9B88834751B64578A76A62F9 /* Resources */ = {
			isa = PBXResourcesBuildPhase;
			buildActionMask = 2147483647;
			files = (
			);
			runOnlyForDeploymentPostprocessing = 0;
		};
/* End PBXResourcesBuildPhase section */

/* Begin PBXSourcesBuildPhase section */
		6759C65AC2FD46B78B0D1DC1 /* Sources */ = {
			isa = PBXSourcesBuildPhase;
			buildActionMask = 2147483647;
			files = (
			);
			runOnlyForDeploymentPostprocessing = 0;
		};
		DDA5DB697AA24062AD1AFD79 /* Sources */ = {
			isa = PBXSourcesBuildPhase;
			buildActionMask = 2147483647;
			files = (
			);
			runOnlyForDeploymentPostprocessing = 0;
		};
/* End PBXSourcesBuildPhase section */

/* Begin PBXTargetDependency section */
		E2876EA9A642435F83247F3B /* PBXTargetDependency */ = {
			isa = PBXTargetDependency;
			target = 1677D211BE914D44A7EF17BD /* YangqiGongkeWidget */;
			targetProxy = 169948C0F22D49418DC8ED47 /* PBXContainerItemProxy */;
		};
/* End PBXTargetDependency section */

/* Begin XCBuildConfiguration section */
		1294771B8E1848CCA8B0D2D2 /* Debug */ = {
			isa = XCBuildConfiguration;
			buildSettings = {
				ALWAYS_SEARCH_USER_PATHS = NO;
				ASSETCATALOG_COMPILER_GENERATE_SWIFT_ASSET_SYMBOL_EXTENSIONS = YES;
				CLANG_ENABLE_MODULES = YES;
				CLANG_ENABLE_OBJC_ARC = YES;
				COPY_PHASE_STRIP = NO;
				DEBUG_INFORMATION_FORMAT = dwarf;
				ENABLE_TESTABILITY = YES;
				ENABLE_USER_SCRIPT_SANDBOXING = YES;
				GCC_DYNAMIC_NO_PIC = NO;
				GCC_OPTIMIZATION_LEVEL = 0;
				IPHONEOS_DEPLOYMENT_TARGET = 18.0;
				MTL_ENABLE_DEBUG_INFO = INCLUDE_SOURCE;
				ONLY_ACTIVE_ARCH = YES;
				SDKROOT = iphoneos;
				SWIFT_ACTIVE_COMPILATION_CONDITIONS = "DEBUG $(inherited)";
				SWIFT_OPTIMIZATION_LEVEL = "-Onone";
				SWIFT_VERSION = 5.0;
			};
			name = Debug;
		};
		75AE071A07A6426D8D2BCFD5 /* Debug */ = {
			isa = XCBuildConfiguration;
			buildSettings = {
				CODE_SIGN_ENTITLEMENTS = YangqiGongkeWidget/YangqiGongkeWidget.entitlements;
				CODE_SIGN_IDENTITY = "-";
				"CODE_SIGN_IDENTITY[sdk=iphoneos*]" = "Apple Development";
				CODE_SIGN_STYLE = Automatic;
				CURRENT_PROJECT_VERSION = 1;
				DEVELOPMENT_TEAM = 4N96M5Z4PM;
				GENERATE_INFOPLIST_FILE = YES;
				INFOPLIST_FILE = YangqiGongkeWidget/Info.plist;
				INFOPLIST_KEY_CFBundleDisplayName = "养气功课";
				LD_RUNPATH_SEARCH_PATHS = (
					"$(inherited)",
					"@executable_path/Frameworks",
					"@executable_path/../../Frameworks",
				);
				MARKETING_VERSION = 1.0;
				PRODUCT_BUNDLE_IDENTIFIER = com.YangqiGongke.app.widget;
				PRODUCT_NAME = "$(TARGET_NAME)";
				SKIP_INSTALL = YES;
				SUPPORTED_PLATFORMS = "iphoneos iphonesimulator";
				SUPPORTS_MACCATALYST = NO;
				SUPPORTS_MAC_DESIGNED_FOR_IPHONE_IPAD = NO;
				SUPPORTS_XR_DESIGNED_FOR_IPHONE_IPAD = NO;
				SWIFT_EMIT_LOC_STRINGS = YES;
				SWIFT_VERSION = 5.0;
				TARGETED_DEVICE_FAMILY = 1;
			};
			name = Debug;
		};
		AB6C52A6A635474A8A71E1A0 /* Release */ = {
			isa = XCBuildConfiguration;
			buildSettings = {
				ASSETCATALOG_COMPILER_APPICON_NAME = AppIcon;
				ASSETCATALOG_COMPILER_GLOBAL_ACCENT_COLOR_NAME = AccentColor;
				CODE_SIGN_ENTITLEMENTS = YangqiGongke/YangqiGongke.entitlements;
				CODE_SIGN_IDENTITY = "-";
				"CODE_SIGN_IDENTITY[sdk=iphoneos*]" = "Apple Development";
				CODE_SIGN_STYLE = Automatic;
				CURRENT_PROJECT_VERSION = 1;
				DEVELOPMENT_TEAM = 4N96M5Z4PM;
				ENABLE_PREVIEWS = YES;
				GENERATE_INFOPLIST_FILE = YES;
				INFOPLIST_KEY_CFBundleDisplayName = "养气功课";
				INFOPLIST_KEY_LSApplicationCategoryType = "public.app-category.lifestyle";
				INFOPLIST_KEY_UIApplicationSceneManifest_Generation = YES;
				INFOPLIST_KEY_UILaunchScreen_Generation = YES;
				INFOPLIST_KEY_UISupportedInterfaceOrientations = UIInterfaceOrientationPortrait;
				LD_RUNPATH_SEARCH_PATHS = (
					"$(inherited)",
					"@executable_path/Frameworks",
				);
				MARKETING_VERSION = 1.0;
				PRODUCT_BUNDLE_IDENTIFIER = com.YangqiGongke.app;
				PRODUCT_NAME = "$(TARGET_NAME)";
				SUPPORTED_PLATFORMS = "iphoneos iphonesimulator";
				SUPPORTS_MACCATALYST = NO;
				SUPPORTS_MAC_DESIGNED_FOR_IPHONE_IPAD = NO;
				SUPPORTS_XR_DESIGNED_FOR_IPHONE_IPAD = NO;
				SWIFT_EMIT_LOC_STRINGS = YES;
				SWIFT_VERSION = 5.0;
				TARGETED_DEVICE_FAMILY = 1;
			};
			name = Release;
		};
		CC02C781B6D94FAD95F1DA79 /* Release */ = {
			isa = XCBuildConfiguration;
			buildSettings = {
				CODE_SIGN_ENTITLEMENTS = YangqiGongkeWidget/YangqiGongkeWidget.entitlements;
				CODE_SIGN_IDENTITY = "-";
				"CODE_SIGN_IDENTITY[sdk=iphoneos*]" = "Apple Development";
				CODE_SIGN_STYLE = Automatic;
				CURRENT_PROJECT_VERSION = 1;
				DEVELOPMENT_TEAM = 4N96M5Z4PM;
				GENERATE_INFOPLIST_FILE = YES;
				INFOPLIST_FILE = YangqiGongkeWidget/Info.plist;
				INFOPLIST_KEY_CFBundleDisplayName = "养气功课";
				LD_RUNPATH_SEARCH_PATHS = (
					"$(inherited)",
					"@executable_path/Frameworks",
					"@executable_path/../../Frameworks",
				);
				MARKETING_VERSION = 1.0;
				PRODUCT_BUNDLE_IDENTIFIER = com.YangqiGongke.app.widget;
				PRODUCT_NAME = "$(TARGET_NAME)";
				SKIP_INSTALL = YES;
				SUPPORTED_PLATFORMS = "iphoneos iphonesimulator";
				SUPPORTS_MACCATALYST = NO;
				SUPPORTS_MAC_DESIGNED_FOR_IPHONE_IPAD = NO;
				SUPPORTS_XR_DESIGNED_FOR_IPHONE_IPAD = NO;
				SWIFT_EMIT_LOC_STRINGS = YES;
				SWIFT_VERSION = 5.0;
				TARGETED_DEVICE_FAMILY = 1;
			};
			name = Release;
		};
		DF42F44D1C564585A2A225F7 /* Debug */ = {
			isa = XCBuildConfiguration;
			buildSettings = {
				ASSETCATALOG_COMPILER_APPICON_NAME = AppIcon;
				ASSETCATALOG_COMPILER_GLOBAL_ACCENT_COLOR_NAME = AccentColor;
				CODE_SIGN_ENTITLEMENTS = YangqiGongke/YangqiGongke.entitlements;
				CODE_SIGN_IDENTITY = "-";
				"CODE_SIGN_IDENTITY[sdk=iphoneos*]" = "Apple Development";
				CODE_SIGN_STYLE = Automatic;
				CURRENT_PROJECT_VERSION = 1;
				DEVELOPMENT_TEAM = 4N96M5Z4PM;
				ENABLE_PREVIEWS = YES;
				GENERATE_INFOPLIST_FILE = YES;
				INFOPLIST_KEY_CFBundleDisplayName = "养气功课";
				INFOPLIST_KEY_LSApplicationCategoryType = "public.app-category.lifestyle";
				INFOPLIST_KEY_UIApplicationSceneManifest_Generation = YES;
				INFOPLIST_KEY_UILaunchScreen_Generation = YES;
				INFOPLIST_KEY_UISupportedInterfaceOrientations = UIInterfaceOrientationPortrait;
				LD_RUNPATH_SEARCH_PATHS = (
					"$(inherited)",
					"@executable_path/Frameworks",
				);
				MARKETING_VERSION = 1.0;
				PRODUCT_BUNDLE_IDENTIFIER = com.YangqiGongke.app;
				PRODUCT_NAME = "$(TARGET_NAME)";
				SUPPORTED_PLATFORMS = "iphoneos iphonesimulator";
				SUPPORTS_MACCATALYST = NO;
				SUPPORTS_MAC_DESIGNED_FOR_IPHONE_IPAD = NO;
				SUPPORTS_XR_DESIGNED_FOR_IPHONE_IPAD = NO;
				SWIFT_EMIT_LOC_STRINGS = YES;
				SWIFT_VERSION = 5.0;
				TARGETED_DEVICE_FAMILY = 1;
			};
			name = Debug;
		};
		EF3A6C18E9F34E9F8F3BF008 /* Release */ = {
			isa = XCBuildConfiguration;
			buildSettings = {
				ALWAYS_SEARCH_USER_PATHS = NO;
				ASSETCATALOG_COMPILER_GENERATE_SWIFT_ASSET_SYMBOL_EXTENSIONS = YES;
				CLANG_ENABLE_MODULES = YES;
				CLANG_ENABLE_OBJC_ARC = YES;
				COPY_PHASE_STRIP = NO;
				DEBUG_INFORMATION_FORMAT = "dwarf-with-dsym";
				ENABLE_NS_ASSERTIONS = NO;
				ENABLE_USER_SCRIPT_SANDBOXING = YES;
				IPHONEOS_DEPLOYMENT_TARGET = 18.0;
				MTL_ENABLE_DEBUG_INFO = NO;
				SDKROOT = iphoneos;
				SWIFT_COMPILATION_MODE = wholemodule;
				SWIFT_VERSION = 5.0;
				VALIDATE_PRODUCT = YES;
			};
			name = Release;
		};
/* End XCBuildConfiguration section */

/* Begin XCConfigurationList section */
		90BDCE74872E4A1392E50C53 /* Build configuration list for PBXNativeTarget "YangqiGongkeWidget" */ = {
			isa = XCConfigurationList;
			buildConfigurations = (
				75AE071A07A6426D8D2BCFD5 /* Debug */,
				CC02C781B6D94FAD95F1DA79 /* Release */,
			);
			defaultConfigurationIsVisible = 0;
			defaultConfigurationName = Release;
		};
		B0122866C6D348D0B8722822 /* Build configuration list for PBXNativeTarget "YangqiGongke" */ = {
			isa = XCConfigurationList;
			buildConfigurations = (
				DF42F44D1C564585A2A225F7 /* Debug */,
				AB6C52A6A635474A8A71E1A0 /* Release */,
			);
			defaultConfigurationIsVisible = 0;
			defaultConfigurationName = Release;
		};
		C48B064314724991A94FD2B6 /* Build configuration list for PBXProject "YangqiGongke" */ = {
			isa = XCConfigurationList;
			buildConfigurations = (
				1294771B8E1848CCA8B0D2D2 /* Debug */,
				EF3A6C18E9F34E9F8F3BF008 /* Release */,
			);
			defaultConfigurationIsVisible = 0;
			defaultConfigurationName = Release;
		};
/* End XCConfigurationList section */
	};
	rootObject = 94E42916D0F64B55977B98C7 /* Project object */;
}
